[[package]]
name = "numpy"
version = "1.22.2"
description = "NumPy is the fundamental package for array computing with Python."
category = "main"
optional = false
python-versions = ">=3.8"

[[package]]
name = "pybase64"
version = "1.2.1"
description = "Fast Base64 encoding/decoding"
category = "main"
optional = false
python-versions = ">=3.6"

[package.extras]
test = ["pytest (>=5.0.0)"]

[metadata]
lock-version = "1.1"
python-versions = ">=3.8.0,<3.9"
content-hash = "43549fd646ee73ee41a4f5dc65a2c7aaa25900241366e0d8fd4d01ed6bf6de58"

[metadata.files]
numpy = [
    {file = "numpy-1.22.2-cp310-cp310-macosx_10_14_x86_64.whl", hash = "sha256:515a8b6edbb904594685da6e176ac9fbea8f73a5ebae947281de6613e27f1956"},
    {file = "numpy-1.22.2-cp310-cp310-macosx_11_0_arm64.whl", hash = "sha256:76a4f9bce0278becc2da7da3b8ef854bed41a991f4226911a24a9711baad672c"},
    {file = "numpy-1.22.2-cp310-cp310-manylinux_2_17_aarch64.manylinux2014_aarch64.whl", hash = "sha256:168259b1b184aa83a514f307352c25c56af111c269ffc109d9704e81f72e764b"},
    {file = "numpy-1.22.2-cp310-cp310-manylinux_2_17_x86_64.manylinux2014_x86_64.whl", hash = "sha256:3556c5550de40027d3121ebbb170f61bbe19eb639c7ad0c7b482cd9b560cd23b"},
    {file = "numpy-1.22.2-cp310-cp310-win_amd64.whl", hash = "sha256:aafa46b5a39a27aca566198d3312fb3bde95ce9677085efd02c86f7ef6be4ec7"},
    {file = "numpy-1.22.2-cp38-cp38-macosx_10_14_x86_64.whl", hash = "sha256:55535c7c2f61e2b2fc817c5cbe1af7cb907c7f011e46ae0a52caa4be1f19afe2"},
    {file = "numpy-1.22.2-cp38-cp38-macosx_11_0_arm64.whl", hash = "sha256:60cb8e5933193a3cc2912ee29ca331e9c15b2da034f76159b7abc520b3d1233a"},
    {file = "numpy-1.22.2-cp38-cp38-manylinux_2_17_aarch64.manylinux2014_aarch64.whl", hash = "sha256:0b536b6840e84c1c6a410f3a5aa727821e6108f3454d81a5cd5900999ef04f89"},
    {file = "numpy-1.22.2-cp38-cp38-manylinux_2_17_x86_64.manylinux2014_x86_64.whl", hash = "sha256:2638389562bda1635b564490d76713695ff497242a83d9b684d27bb4a6cc9d7a"},
    {file = "numpy-1.22.2-cp38-cp38-win32.whl", hash = "sha256:6767ad399e9327bfdbaa40871be4254d1995f4a3ca3806127f10cec778bd9896"},
    {file = "numpy-1.22.2-cp38-cp38-win_amd64.whl", hash = "sha256:03ae5850619abb34a879d5f2d4bb4dcd025d6d8fb72f5e461dae84edccfe129f"},
    {file = "numpy-1.22.2-cp39-cp39-macosx_10_14_x86_64.whl", hash = "sha256:d76a26c5118c4d96e264acc9e3242d72e1a2b92e739807b3b69d8d47684b6677"},
    {file = "numpy-1.22.2-cp39-cp39-macosx_11_0_arm64.whl", hash = "sha256:15efb7b93806d438e3bc590ca8ef2f953b0ce4f86f337ef4559d31ec6cf9d7dd"},
    {file = "numpy-1.22.2-cp39-cp39-manylinux_2_17_aarch64.manylinux2014_aarch64.whl", hash = "sha256:badca914580eb46385e7f7e4e426fea6de0a37b9e06bec252e481ae7ec287082"},
    {file = "numpy-1.22.2-cp39-cp39-manylinux_2_17_x86_64.manylinux2014_x86_64.whl", hash = "sha256:94dd11d9f13ea1be17bac39c1942f527cbf7065f94953cf62dfe805653da2f8f"},
    {file = "numpy-1.22.2-cp39-cp39-win32.whl", hash = "sha256:8cf33634b60c9cef346663a222d9841d3bbbc0a2f00221d6bcfd0d993d5543f6"},
    {file = "numpy-1.22.2-cp39-cp39-win_amd64.whl", hash = "sha256:59153979d60f5bfe9e4c00e401e24dfe0469ef8da6d68247439d3278f30a180f"},
    {file = "numpy-1.22.2-pp38-pypy38_pp73-manylinux_2_17_x86_64.manylinux2014_x86_64.whl", hash = "sha256:4a176959b6e7e00b5a0d6f549a479f869829bfd8150282c590deee6d099bbb6e"},
    {file = "numpy-1.22.2.zip", hash = "sha256:076aee5a3763d41da6bef9565fdf3cb987606f567cd8b104aded2b38b7b47abf"},
]
pybase64 = [
    {file = "pybase64-1.2.1-cp310-cp310-macosx_10_9_x86_64.whl", hash = "sha256:375047e287a88b1554303fb74e5f9f39fb71b70e49f136ab2780787bb93c8f16"},
    {file = "pybase64-1.2.1-cp310-cp310-macosx_11_0_arm64.whl", hash = "sha256:49d3496efc537afbc0765928f19d9de21adf6dd01837eb399f0af2bae752da5c"},
    {file = "pybase64-1.2.1-cp310-cp310-manylinux_2_17_aarch64.manylinux2014_aarch64.whl", hash = "sha256:725d15f1d9748fa4239ebd43436a0d99a7fe088d13367410b51c9a62c5d87a0a"},
    {file = "pybase64-1.2.1-cp310-cp310-manylinux_2_17_ppc64le.manylinux2014_ppc64le.whl", hash = "sha256:9352337d9c48e40306a2ab103a6ef867117aade0dcd7340b54d53b15bf771942"},
    {file = "pybase64-1.2.1-cp310-cp310-manylinux_2_17_s390x.manylinux2014_s390x.whl", hash = "sha256:e10832457adda294687bffe83e49d63f322988bfdd5cd4d09df30cfbaca83973"},
    {file = "pybase64-1.2.1-cp310-cp310-manylinux_2_5_i686.manylinux1_i686.manylinux_2_17_i686.manylinux2014_i686.whl", hash = "sha256:914597ec60dbc20dd25bca36bcfd58b901b38e01ffc3691cd3f7832a09e83561"},
    {file = "pybase64-1.2.1-cp310-cp310-manylinux_2_5_x86_64.manylinux1_x86_64.manylinux_2_17_x86_64.manylinux2014_x86_64.whl", hash = "sha256:45ffb001b46704b16911f2a775667d8a9de67fb301f7ff585e30eb5c47dd588b"},
    {file = "pybase64-1.2.1-cp310-cp310-win32.whl", hash = "sha256:b30c0fc1a741f961d83dfbc3802a0de670bf860bc582703dcf863de315074ce0"},
    {file = "pybase64-1.2.1-cp310-cp310-win_amd64.whl", hash = "sha256:1575879411221badf51c6dbf32f257d1c6b5cd97518ac004dabfc616a8857f30"},
    {file = "pybase64-1.2.1-cp36-cp36m-macosx_10_9_x86_64.whl", hash = "sha256:5facfa5caa5899dba703546ad19512d075d2fe040ea3f505caac46732b369c6f"},
    {file = "pybase64-1.2.1-cp36-cp36m-manylinux_2_17_aarch64.manylinux2014_aarch64.whl", hash = "sha256:9a4f36c2b80a4ac3d7c4a7787c0e55d6dfcfbda248a2f1666bc9e55f803a7960"},
    {file = "pybase64-1.2.1-cp36-cp36m-manylinux_2_17_ppc64le.manylinux2014_ppc64le.whl", hash = "sha256:6a2a02fec53dbc22b1d93835d6c8ab430a6183ef3b8ea2f8471c6f1b0fdd4a48"},
    {file = "pybase64-1.2.1-cp36-cp36m-manylinux_2_17_s390x.manylinux2014_s390x.whl", hash = "sha256:b812108c8fa005bfd6ae331bd84200d0810b4c14eafc3a70935644bbe35fa719"},
    {file = "pybase64-1.2.1-cp36-cp36m-manylinux_2_5_i686.manylinux1_i686.manylinux_2_17_i686.manylinux2014_i686.whl", hash = "sha256:bb4d394f3595eb49f27fd1fcf8c7940b57cf5452c5e7b15a0b43a66614402df7"},
    {file = "pybase64-1.2.1-cp36-cp36m-manylinux_2_5_x86_64.manylinux1_x86_64.manylinux_2_17_x86_64.manylinux2014_x86_64.whl", hash = "sha256:33d7eaa26ca5a63560d1d42c35a6b3e68dea75aba5b222eb17f4f9422cac0891"},
    {file = "pybase64-1.2.1-cp36-cp36m-win32.whl", hash = "sha256:4099c8ec58ec013a0c4874d467eae569d434816cb1dd2ab7d1d5eb9dd7096a02"},
    {file = "pybase64-1.2.1-cp36-cp36m-win_amd64.whl", hash = "sha256:a217644bc61a5efe8749ab6c8bf8cf0962c77d7e681cf64ca06f06a2b70a0cd4"},
    {file = "pybase64-1.2.1-cp37-cp37m-macosx_10_9_x86_64.whl", hash = "sha256:66edaebdcd5654ee78a5b21681e41489d148946081b4f1e23172918eb6225055"},
    {file = "pybase64-1.2.1-cp37-cp37m-manylinux_2_17_aarch64.manylinux2014_aarch64.whl", hash = "sha256:0eeb4f820d7831bb45f278ec8ac2ad53cc18379e9b6e11e51e24ad17f0e5b80e"},
    {file = "pybase64-1.2.1-cp37-cp37m-manylinux_2_17_ppc64le.manylinux2014_ppc64le.whl", hash = "sha256:b21892ec3cd411d29bef4756084ab6205cec8cb1fd4fea1338d0f8d4ce04f2e1"},
    {file = "pybase64-1.2.1-cp37-cp37m-manylinux_2_17_s390x.manylinux2014_s390x.whl", hash = "sha256:ef9915f3c40a68eef2defd32e0dffb0bef7bc02ba9859cc46f0dec0761e18797"},
    {file = "pybase64-1.2.1-cp37-cp37m-manylinux_2_5_i686.manylinux1_i686.manylinux_2_17_i686.manylinux2014_i686.whl", hash = "sha256:f0fea969fb82e4d388ff58a15e4aa085a5525c8776ce21f808cd2d46e600a9d3"},
    {file = "pybase64-1.2.1-cp37-cp37m-manylinux_2_5_x86_64.manylinux1_x86_64.manylinux_2_17_x86_64.manylinux2014_x86_64.whl", hash = "sha256:7ded67b2691c3d14028d7bcda291f8920ad1fcfa663dfca1f62f67ef1a3c1746"},
    {file = "pybase64-1.2.1-cp37-cp37m-win32.whl", hash = "sha256:ec43323540cde3617170d5bcf588fc955cedd3043dc4ee887634bf4162def347"},
    {file = "pybase64-1.2.1-cp37-cp37m-win_amd64.whl", hash = "sha256:11d8b85d194180c58c9ff878b15c883f6003ffa9095414800857681d17171409"},
    {file = "pybase64-1.2.1-cp38-cp38-macosx_10_9_x86_64.whl", hash = "sha256:02eb1030b407ee339eb18e724941a3666406b0c180b7970cee2f57c977da843c"},
    {file = "pybase64-1.2.1-cp38-cp38-macosx_11_0_arm64.whl", hash = "sha256:c84092a1203a6217a43c9cc7374e910c1e1e7ec959b4b5e8dd01552bd08d585e"},
    {file = "pybase64-1.2.1-cp38-cp38-manylinux_2_17_aarch64.manylinux2014_aarch64.whl", hash = "sha256:92213f2cd66d1c757df06baefe5bf2e8413dc1dd6ea6b93c4470443b3d1ed4b0"},
    {file = "pybase64-1.2.1-cp38-cp38-manylinux_2_17_ppc64le.manylinux2014_ppc64le.whl", hash = "sha256:8733d5800216b1f0ecad889f7249d836e454da45c3843bd47f5f1af4fbce4c84"},
    {file = "pybase64-1.2.1-cp38-cp38-manylinux_2_17_s390x.manylinux2014_s390x.whl", hash = "sha256:6f0cd2c0dd70d36ec7dba0a0dd87a0976e7569eacbf7747bd7493ee174c410d0"},
    {file = "pybase64-1.2.1-cp38-cp38-manylinux_2_5_i686.manylinux1_i686.manylinux_2_17_i686.manylinux2014_i686.whl", hash = "sha256:f6446197af22812d0458ba2f8438d58bfa1b0d29e9f93e03c23e1100b8ee7e3c"},
    {file = "pybase64-1.2.1-cp38-cp38-manylinux_2_5_x86_64.manylinux1_x86_64.manylinux_2_17_x86_64.manylinux2014_x86_64.whl", hash = "sha256:7cd5fab960b1200c150bc018aab6892225d52388883f74ec8f5e29a83613b686"},
    {file = "pybase64-1.2.1-cp38-cp38-win32.whl", hash = "sha256:c5daa6900c48b08f76af1f8670f77bc7c2a40aa02a9ba83a66e3a54da998cc81"},
    {file = "pybase64-1.2.1-cp38-cp38-win_amd64.whl", hash = "sha256:801596853a71cfaada9ff51f716f15985c5beb5978978922d83c67e238c03506"},
    {file = "pybase64-1.2.1-cp39-cp39-macosx_10_9_x86_64.whl", hash = "sha256:3d687d9f641e9b16d78a80afa9186625246c1020ee0442f0ee98682e870d7c6a"},
    {file = "pybase64-1.2.1-cp39-cp39-macosx_11_0_arm64.whl", hash = "sha256:c21bd40fc6ec44f53591b00872cddcf57cd6356ff9130b3e9557a55a494085f2"},
    {file = "pybase64-1.2.1-cp39-cp39-manylinux_2_17_aarch64.manylinux2014_aarch64.whl", hash = "sha256:2b181e5df0a5c381e0f5089c9646ea67bf8a291c687e896d79af58ae571dc789"},
    {file = "pybase64-1.2.1-cp39-cp39-manylinux_2_17_ppc64le.manylinux2014_ppc64le.whl", hash = "sha256:dde3a35efa55630b5e7dfd1f9ce2012ca165226a6bcc9ffdb4d956272d81d590"},
    {file = "pybase64-1.2.1-cp39-cp39-manylinux_2_17_s390x.manylinux2014_s390x.whl", hash = "sha256:2eebc41bfe5da5a829416f4feb556d18d296028527209f9cbf71babdc9808d8a"},
    {file = "pybase64-1.2.1-cp39-cp39-manylinux_2_5_i686.manylinux1_i686.manylinux_2_17_i686.manylinux2014_i686.whl", hash = "sha256:f2e92dda0abe6f0a914f0ae2f95c3256c9490d9e043f17a271138065fc3735e3"},
    {file = "pybase64-1.2.1-cp39-cp39-manylinux_2_5_x86_64.manylinux1_x86_64.manylinux_2_17_x86_64.manylinux2014_x86_64.whl", hash = "sha256:e939d81bd36cff1d4ca91383409d1ed75eaa79e73af7f6cf52e500eee8fd3ab6"},
    {file = "pybase64-1.2.1-cp39-cp39-win32.whl", hash = "sha256:d4247e91073220457715db451dabaf7dfb9c7d4fbfbea8067468d96a825f2cbb"},
    {file = "pybase64-1.2.1-cp39-cp39-win_amd64.whl", hash = "sha256:6551cd35556949c6c9c949c17f0eb3e5f74e796e9df698b58ada34fdd0c42556"},
    {file = "pybase64-1.2.1-pp37-pypy37_pp73-macosx_10_9_x86_64.whl", hash = "sha256:b6992c68d1bdda0b486edff1b62a0323856ac47f174a6c402ac64a8cbe6c4721"},
    {file = "pybase64-1.2.1-pp37-pypy37_pp73-manylinux_2_17_aarch64.manylinux2014_aarch64.whl", hash = "sha256:068c23e9ee5d635975c5a82a02437ed909938721f0a2bf99258af5f69bd6aca9"},
    {file = "pybase64-1.2.1-pp37-pypy37_pp73-manylinux_2_5_i686.manylinux1_i686.manylinux_2_17_i686.manylinux2014_i686.whl", hash = "sha256:580ae89b790e579f1a7741a2747902a00232c61b0776ac2e5fd2424531bad5ae"},
    {file = "pybase64-1.2.1-pp37-pypy37_pp73-manylinux_2_5_x86_64.manylinux1_x86_64.manylinux_2_17_x86_64.manylinux2014_x86_64.whl", hash = "sha256:6e85e21fa7b00feed149764636378e96825d6a10e8b11653ef4820d6fd4873fd"},
    {file = "pybase64-1.2.1-pp37-pypy37_pp73-win_amd64.whl", hash = "sha256:82654b13a90c83d9b71e46ca1709a9fa9d262f832b28ca8847aaae8b77d8fc18"},
    {file = "pybase64-1.2.1-pp38-pypy38_pp73-macosx_10_9_x86_64.whl", hash = "sha256:8c7665154eea593a0bc00fd5aa527e6d6d8084642b05a946ac2de0b2f7749b4f"},
    {file = "pybase64-1.2.1-pp38-pypy38_pp73-manylinux_2_17_aarch64.manylinux2014_aarch64.whl", hash = "sha256:3545b80ae82d79eb4d283316cc9e7e56a1b13ce2f082907d3aef51d920942e71"},
    {file = "pybase64-1.2.1-pp38-pypy38_pp73-manylinux_2_5_i686.manylinux1_i686.manylinux_2_17_i686.manylinux2014_i686.whl", hash = "sha256:9bf06ad35882af4a11e49f7f4dd45242c866aa7315dd767183796dd9bcc346f8"},
    {file = "pybase64-1.2.1-pp38-pypy38_pp73-manylinux_2_5_x86_64.manylinux1_x86_64.manylinux_2_17_x86_64.manylinux2014_x86_64.whl", hash = "sha256:e73bbb5f293a9dbb66be8375e0593afb84b4a09d32b33c5c9aef3dfa1caf2070"},
    {file = "pybase64-1.2.1-pp38-pypy38_pp73-win_amd64.whl", hash = "sha256:18469ec77b6f16db0234b5feb83f2f6e21ac43a3366ec518370f01023aaa2eb3"},
    {file = "pybase64-1.2.1.tar.gz", hash = "sha256:d2016a3a487d3d4501d8281f61ee54c25efd65e37a4c7dce8011e0de7183c956"},
]
